lockVersion: 2.0.0
id: c594310f-9d72-4c17-8617-9c50875c313f
management:
  docChecksum: 77f8f6aeb2de0f021a62a416af0cbd3d
  docVersion: 0.1.0
  speakeasyVersion: 1.250.0
  generationVersion: 2.304.1
  releaseVersion: 0.0.1
  configChecksum: de4497b04f343c85257ab42225ab441d
features:
  python:
    constsAndDefaults: 0.1.3
    core: 4.6.4
    flattening: 2.81.1
    globalServerURLs: 2.82.2
    responseFormat: 0.1.0
    unions: 2.82.6
generatedFiles:
  - src/blinguasdk/sdkconfiguration.py
  - src/blinguasdk/sdk.py
  - py.typed
  - pylintrc
  - setup.py
  - src/blinguasdk/__init__.py
  - src/blinguasdk/utils/__init__.py
  - src/blinguasdk/utils/retries.py
  - src/blinguasdk/utils/utils.py
  - src/blinguasdk/models/errors/sdkerror.py
  - tests/helpers.py
  - src/blinguasdk/models/operations/text_translate_wrapper_text_translate_target_lang_post.py
  - src/blinguasdk/models/operations/detect_patterns_patterns_pattern_params_post.py
  - src/blinguasdk/models/operations/text_replace_wrapper_text_replace_replacement_rules_post.py
  - src/blinguasdk/models/operations/detect_ner_wrapper_text_detect_ner_ner_tags_post.py
  - src/blinguasdk/models/operations/text_summarize_wrapper_text_summarize_summary_length_post.py
  - src/blinguasdk/models/operations/text_qna_wrapper_text_qna_question_post.py
  - src/blinguasdk/models/operations/text_intent_wrapper_text_intent_post.py
  - src/blinguasdk/models/operations/text_lemstem_wrapper_text_lemstem_operation_post.py
  - src/blinguasdk/models/operations/text_tokenize_wrapper_text_tokenize_post.py
  - src/blinguasdk/models/operations/text_embed_wrapper_text_embed_task_type_post.py
  - src/blinguasdk/models/operations/text_generate_wrapper_text_generate_length_post.py
  - src/blinguasdk/models/operations/detect_spam_wrapper_text_detect_spam_post.py
  - src/blinguasdk/models/operations/text_clean_wrapper_text_clean_post.py
  - src/blinguasdk/models/operations/text_normalize_wrapper_text_normalize_post.py
  - src/blinguasdk/models/operations/text_spellcheck_wrapper_text_spellcheck_post.py
  - src/blinguasdk/models/operations/text_srl_wrapper_text_srl_post.py
  - src/blinguasdk/models/operations/text_cluster_wrapper_text_cluster_post.py
  - src/blinguasdk/models/operations/text_sentiment_wrapper_text_sentiment_post.py
  - src/blinguasdk/models/operations/text_topic_wrapper_text_topic_post.py
  - src/blinguasdk/models/operations/text_parts_of_speech_wrapper_text_parts_of_speech_post.py
  - src/blinguasdk/models/operations/text_paraphrase_wrapper_text_paraphrase_post.py
  - src/blinguasdk/models/operations/text_segment_wrapper_text_segment_post.py
  - src/blinguasdk/models/operations/text_badness_wrapper_text_toxic_analysis_type_post.py
  - src/blinguasdk/models/operations/text_emojis_wrapper_text_replace_emojis_post.py
  - src/blinguasdk/models/operations/text_tfidf_wrapper_text_tfidf_post.py
  - src/blinguasdk/models/operations/text_idioms_wrapper_text_idioms_post.py
  - src/blinguasdk/models/operations/text_sense_disambiguation_wrapper_text_sense_disambiguation_post.py
  - src/blinguasdk/models/operations/text_frequency_wrapper_text_frequency_post.py
  - src/blinguasdk/models/operations/text_anomaly_wrapper_text_anomaly_post.py
  - src/blinguasdk/models/operations/text_core_reference_wrapper_text_core_reference_post.py
  - src/blinguasdk/models/components/textresult.py
  - src/blinguasdk/models/components/httpmetadata.py
  - src/blinguasdk/models/components/validationerror.py
  - src/blinguasdk/models/components/strlistresult.py
  - src/blinguasdk/models/components/tuplelistresult.py
  - src/blinguasdk/models/components/lemstemop.py
  - src/blinguasdk/models/components/optionallistresult.py
  - src/blinguasdk/models/components/embedtasktype.py
  - src/blinguasdk/models/components/dictresult.py
  - src/blinguasdk/models/components/boolresult.py
  - src/blinguasdk/models/components/toxicinputtype.py
  - src/blinguasdk/models/components/tupleresult.py
  - src/blinguasdk/models/components/tfidfoutputtype.py
  - src/blinguasdk/models/components/body_text_frequency_wrapper_text_frequency_post.py
  - src/blinguasdk/models/errors/httpvalidationerror.py
  - src/blinguasdk/models/__init__.py
  - src/blinguasdk/models/errors/__init__.py
  - src/blinguasdk/models/operations/__init__.py
  - src/blinguasdk/models/components/__init__.py
  - docs/models/operations/texttranslatewrappertexttranslatetargetlangpostrequest.md
  - docs/models/operations/texttranslatewrappertexttranslatetargetlangpostresponse.md
  - docs/models/operations/detectpatternspatternspatternparamspostrequest.md
  - docs/models/operations/detectpatternspatternspatternparamspostresponse.md
  - docs/models/operations/textreplacewrappertextreplacereplacementrulespostrequest.md
  - docs/models/operations/textreplacewrappertextreplacereplacementrulespostresponse.md
  - docs/models/operations/detectnerwrappertextdetectnernertagspostrequest.md
  - docs/models/operations/detectnerwrappertextdetectnernertagspostresponse.md
  - docs/models/operations/textsummarizewrappertextsummarizesummarylengthpostrequest.md
  - docs/models/operations/textsummarizewrappertextsummarizesummarylengthpostresponse.md
  - docs/models/operations/textqnawrappertextqnaquestionpostrequest.md
  - docs/models/operations/textqnawrappertextqnaquestionpostresponse.md
  - docs/models/operations/textintentwrappertextintentpostrequest.md
  - docs/models/operations/textintentwrappertextintentpostresponse.md
  - docs/models/operations/textlemstemwrappertextlemstemoperationpostrequest.md
  - docs/models/operations/textlemstemwrappertextlemstemoperationpostresponse.md
  - docs/models/operations/texttokenizewrappertexttokenizepostrequest.md
  - docs/models/operations/texttokenizewrappertexttokenizepostresponse.md
  - docs/models/operations/textembedwrappertextembedtasktypepostrequest.md
  - docs/models/operations/textembedwrappertextembedtasktypepostresponse.md
  - docs/models/operations/textgeneratewrappertextgeneratelengthpostrequest.md
  - docs/models/operations/textgeneratewrappertextgeneratelengthpostresponse.md
  - docs/models/operations/detectspamwrappertextdetectspampostrequest.md
  - docs/models/operations/detectspamwrappertextdetectspampostresponse.md
  - docs/models/operations/textcleanwrappertextcleanpostrequest.md
  - docs/models/operations/textcleanwrappertextcleanpostresponse.md
  - docs/models/operations/mode.md
  - docs/models/operations/textnormalizewrappertextnormalizepostrequest.md
  - docs/models/operations/textnormalizewrappertextnormalizepostresponse.md
  - docs/models/operations/textspellcheckwrappertextspellcheckpostrequest.md
  - docs/models/operations/textspellcheckwrappertextspellcheckpostresponse.md
  - docs/models/operations/textsrlwrappertextsrlpostrequest.md
  - docs/models/operations/textsrlwrappertextsrlpostresponse.md
  - docs/models/operations/textclusterwrappertextclusterpostrequest.md
  - docs/models/operations/textclusterwrappertextclusterpostresponse.md
  - docs/models/operations/textsentimentwrappertextsentimentpostrequest.md
  - docs/models/operations/textsentimentwrappertextsentimentpostresponse.md
  - docs/models/operations/texttopicwrappertexttopicpostrequest.md
  - docs/models/operations/texttopicwrappertexttopicpostresponse.md
  - docs/models/operations/textpartsofspeechwrappertextpartsofspeechpostrequest.md
  - docs/models/operations/textpartsofspeechwrappertextpartsofspeechpostresponse.md
  - docs/models/operations/textparaphrasewrappertextparaphrasepostrequest.md
  - docs/models/operations/textparaphrasewrappertextparaphrasepostresponse.md
  - docs/models/operations/textsegmentwrappertextsegmentpostrequest.md
  - docs/models/operations/textsegmentwrappertextsegmentpostresponse.md
  - docs/models/operations/threshold.md
  - docs/models/operations/textbadnesswrappertexttoxicanalysistypepostrequest.md
  - docs/models/operations/textbadnesswrappertexttoxicanalysistypepostresponse.md
  - docs/models/operations/textemojiswrappertextreplaceemojispostrequest.md
  - docs/models/operations/textemojiswrappertextreplaceemojispostresponse.md
  - docs/models/operations/texttfidfwrappertexttfidfpostrequest.md
  - docs/models/operations/texttfidfwrappertexttfidfpostresponse.md
  - docs/models/operations/textidiomswrappertextidiomspostresponse.md
  - docs/models/operations/textsensedisambiguationwrappertextsensedisambiguationpostrequest.md
  - docs/models/operations/textsensedisambiguationwrappertextsensedisambiguationpostresponse.md
  - docs/models/operations/textfrequencywrappertextfrequencypostrequest.md
  - docs/models/operations/textfrequencywrappertextfrequencypostresponse.md
  - docs/models/operations/textanomalywrappertextanomalypostrequest.md
  - docs/models/operations/textanomalywrappertextanomalypostresponse.md
  - docs/models/operations/textcorereferencewrappertextcorereferencepostrequest.md
  - docs/models/operations/textcorereferencewrappertextcorereferencepostresponse.md
  - docs/models/components/textresult.md
  - docs/models/components/httpmetadata.md
  - docs/models/components/loc.md
  - docs/models/components/validationerror.md
  - docs/models/components/strlistresult.md
  - docs/models/components/tuplelistresult.md
  - docs/models/components/lemstemop.md
  - docs/models/components/optionallistresult.md
  - docs/models/components/embedtasktype.md
  - docs/models/components/results.md
  - docs/models/components/dictresult.md
  - docs/models/components/boolresult.md
  - docs/models/components/toxicinputtype.md
  - docs/models/components/tupleresult.md
  - docs/models/components/tfidfoutputtype.md
  - docs/models/components/bodytextfrequencywrappertextfrequencypost.md
  - docs/models/errors/httpvalidationerror.md
  - docs/sdks/blinguasdk/README.md
  - USAGE.md
  - .gitattributes
  - src/blinguasdk/_hooks/sdkhooks.py
  - src/blinguasdk/_hooks/types.py
  - src/blinguasdk/_hooks/__init__.py
